
Microsoft Visual Studio Solution File, Format Version 12.00
# Visual Studio Version 16
VisualStudioVersion = 16.0.28803.452
MinimumVisualStudioVersion = 10.0.40219.1
Project("{FAE04EC0-301F-11D3-BF4B-00C04F79EFBC}") = "AplicacaoWebExemplo", "AplicacaoWebExemplo\AplicacaoWebExemplo.csproj", "{F9353AE5-0F7B-445B-8157-E9579D3E2B7A}"
EndProject
Global
	GlobalSection(SolutionConfigurationPlatforms) = preSolution
		Debug|Any CPU = Debug|Any CPU
		Release|Any CPU = Release|Any CPU
	EndGlobalSection
	GlobalSection(ProjectConfigurationPlatforms) = postSolution
		{F9353AE5-0F7B-445B-8157-E9579D3E2B7A}.Debug|Any CPU.ActiveCfg = Debug|Any CPU
		{F9353AE5-0F7B-445B-8157-E9579D3E2B7A}.Debug|Any CPU.Build.0 = Debug|Any CPU
		{F9353AE5-0F7B-445B-8157-E9579D3E2B7A}.Release|Any CPU.ActiveCfg = Release|Any CPU
		{F9353AE5-0F7B-445B-8157-E9579D3E2B7A}.Release|Any CPU.Build.0 = Release|Any CPU
	EndGlobalSection
	GlobalSection(SolutionProperties) = preSolution
		HideSolutionNode = FALSE
	EndGlobalSection
	GlobalSection(ExtensibilityGlobals) = postSolution
		SolutionGuid = {32EC3EC3-CF36-4F20-B2CF-A9F897D3027C}
	EndGlobalSection
EndGlobal
